
Microsoft Visual Studio Solution File, Format Version 12.00
# Visual Studio Version 17
VisualStudioVersion = 17.6.33712.159
MinimumVisualStudioVersion = 10.0.40219.1
Project("{9A19103F-16F7-4668-BE54-9A1E7A4F7556}") = "WebAPi", "WebAPi.csproj", "{243B2462-C36F-4EE6-95C0-163FB9967CE2}"
EndProject
Global
	GlobalSection(SolutionConfigurationPlatforms) = preSolution
		Debug|Any CPU = Debug|Any CPU
		Release|Any CPU = Release|Any CPU
	EndGlobalSection
	GlobalSection(ProjectConfigurationPlatforms) = postSolution
		{243B2462-C36F-4EE6-95C0-163FB9967CE2}.Debug|Any CPU.ActiveCfg = Debug|Any CPU
		{243B2462-C36F-4EE6-95C0-163FB9967CE2}.Debug|Any CPU.Build.0 = Debug|Any CPU
		{243B2462-C36F-4EE6-95C0-163FB9967CE2}.Release|Any CPU.ActiveCfg = Release|Any CPU
		{243B2462-C36F-4EE6-95C0-163FB9967CE2}.Release|Any CPU.Build.0 = Release|Any CPU
	EndGlobalSection
	GlobalSection(SolutionProperties) = preSolution
		HideSolutionNode = FALSE
	EndGlobalSection
	GlobalSection(ExtensibilityGlobals) = postSolution
		SolutionGuid = {773D5A0C-3854-42C0-9F6B-1E71B94C4163}
	EndGlobalSection
EndGlobal
